
Microsoft Visual Studio Solution File, Format Version 12.00
# Visual Studio Version 17
VisualStudioVersion = 17.14.36127.28 d17.14
MinimumVisualStudioVersion = 10.0.40219.1
Project("{FAE04EC0-301F-11D3-BF4B-00C04F79EFBC}") = "Receive", "Receive\Receive.csproj", "{345519D4-DE17-41E0-ABC5-6177FB4AE4AD}"
EndProject
Global
	GlobalSection(SolutionConfigurationPlatforms) = preSolution
		Debug|Any CPU = Debug|Any CPU
		Release|Any CPU = Release|Any CPU
	EndGlobalSection
	GlobalSection(ProjectConfigurationPlatforms) = postSolution
		{345519D4-DE17-41E0-ABC5-6177FB4AE4AD}.Debug|Any CPU.ActiveCfg = Debug|Any CPU
		{345519D4-DE17-41E0-ABC5-6177FB4AE4AD}.Debug|Any CPU.Build.0 = Debug|Any CPU
		{345519D4-DE17-41E0-ABC5-6177FB4AE4AD}.Release|Any CPU.ActiveCfg = Release|Any CPU
		{345519D4-DE17-41E0-ABC5-6177FB4AE4AD}.Release|Any CPU.Build.0 = Release|Any CPU
	EndGlobalSection
	GlobalSection(SolutionProperties) = preSolution
		HideSolutionNode = FALSE
	EndGlobalSection
	GlobalSection(ExtensibilityGlobals) = postSolution
		SolutionGuid = {D6F9BE38-5503-4235-B451-44E8175D6E7A}
	EndGlobalSection
EndGlobal
