
Microsoft Visual Studio Solution File, Format Version 12.00
# Visual Studio Version 17
VisualStudioVersion = 17.14.36127.28 d17.14
MinimumVisualStudioVersion = 10.0.40219.1
Project("{FAE04EC0-301F-11D3-BF4B-00C04F79EFBC}") = "Send", "Send\Send.csproj", "{8E836796-F09C-41E1-896D-2A8FCA83912D}"
EndProject
Global
	GlobalSection(SolutionConfigurationPlatforms) = preSolution
		Debug|Any CPU = Debug|Any CPU
		Release|Any CPU = Release|Any CPU
	EndGlobalSection
	GlobalSection(ProjectConfigurationPlatforms) = postSolution
		{8E836796-F09C-41E1-896D-2A8FCA83912D}.Debug|Any CPU.ActiveCfg = Debug|Any CPU
		{8E836796-F09C-41E1-896D-2A8FCA83912D}.Debug|Any CPU.Build.0 = Debug|Any CPU
		{8E836796-F09C-41E1-896D-2A8FCA83912D}.Release|Any CPU.ActiveCfg = Release|Any CPU
		{8E836796-F09C-41E1-896D-2A8FCA83912D}.Release|Any CPU.Build.0 = Release|Any CPU
	EndGlobalSection
	GlobalSection(SolutionProperties) = preSolution
		HideSolutionNode = FALSE
	EndGlobalSection
	GlobalSection(ExtensibilityGlobals) = postSolution
		SolutionGuid = {8C6A28DF-468C-444F-97C6-79AB64076B35}
	EndGlobalSection
EndGlobal
